
Microsoft Visual Studio Solution File, Format Version 12.00
# Visual Studio Version 17
VisualStudioVersion = 17.0.31903.59
MinimumVisualStudioVersion = 10.0.40219.1
Project("{2150E333-8FDC-42A3-9474-1A3956D46DE8}") = "app", "app", "{F95F473B-E98A-ACD6-1986-755F447BE36F}"
EndProject
Project("{FAE04EC0-301F-11D3-BF4B-00C04F79EFBC}") = "ZenLoop.App", "app\ZenLoop.App.csproj", "{4BAB84A1-50C0-4D37-8A11-679A53C13D93}"
EndProject
Project("{2150E333-8FDC-42A3-9474-1A3956D46DE8}") = "core", "core", "{FBF56CC3-7AE6-AD2D-3F14-7F97FD322CD6}"
EndProject
Project("{FAE04EC0-301F-11D3-BF4B-00C04F79EFBC}") = "ZenLoop.Core", "core\ZenLoop.Core.csproj", "{858DE710-AC2C-40B6-AFB8-2C990DCA78DC}"
EndProject
Project("{2150E333-8FDC-42A3-9474-1A3956D46DE8}") = "tests", "tests", "{0AB3BF05-4346-4AA6-1389-037BE0695223}"
EndProject
Project("{FAE04EC0-301F-11D3-BF4B-00C04F79EFBC}") = "ZenLoop.Tests", "tests\ZenLoop.Tests.csproj", "{F6A163C4-1457-4F82-93B8-705AAB3971CF}"
EndProject
Global
	GlobalSection(SolutionConfigurationPlatforms) = preSolution
		Debug|Any CPU = Debug|Any CPU
		Debug|x64 = Debug|x64
		Debug|x86 = Debug|x86
		Release|Any CPU = Release|Any CPU
		Release|x64 = Release|x64
		Release|x86 = Release|x86
	EndGlobalSection
	GlobalSection(ProjectConfigurationPlatforms) = postSolution
		{4BAB84A1-50C0-4D37-8A11-679A53C13D93}.Debug|Any CPU.ActiveCfg = Debug|Any CPU
		{4BAB84A1-50C0-4D37-8A11-679A53C13D93}.Debug|Any CPU.Build.0 = Debug|Any CPU
		{4BAB84A1-50C0-4D37-8A11-679A53C13D93}.Debug|x64.ActiveCfg = Debug|Any CPU
		{4BAB84A1-50C0-4D37-8A11-679A53C13D93}.Debug|x64.Build.0 = Debug|Any CPU
		{4BAB84A1-50C0-4D37-8A11-679A53C13D93}.Debug|x86.ActiveCfg = Debug|Any CPU
		{4BAB84A1-50C0-4D37-8A11-679A53C13D93}.Debug|x86.Build.0 = Debug|Any CPU
		{4BAB84A1-50C0-4D37-8A11-679A53C13D93}.Release|Any CPU.ActiveCfg = Release|Any CPU
		{4BAB84A1-50C0-4D37-8A11-679A53C13D93}.Release|Any CPU.Build.0 = Release|Any CPU
		{4BAB84A1-50C0-4D37-8A11-679A53C13D93}.Release|x64.ActiveCfg = Release|Any CPU
		{4BAB84A1-50C0-4D37-8A11-679A53C13D93}.Release|x64.Build.0 = Release|Any CPU
		{4BAB84A1-50C0-4D37-8A11-679A53C13D93}.Release|x86.ActiveCfg = Release|Any CPU
		{4BAB84A1-50C0-4D37-8A11-679A53C13D93}.Release|x86.Build.0 = Release|Any CPU
		{858DE710-AC2C-40B6-AFB8-2C990DCA78DC}.Debug|Any CPU.ActiveCfg = Debug|Any CPU
		{858DE710-AC2C-40B6-AFB8-2C990DCA78DC}.Debug|Any CPU.Build.0 = Debug|Any CPU
		{858DE710-AC2C-40B6-AFB8-2C990DCA78DC}.Debug|x64.ActiveCfg = Debug|Any CPU
		{858DE710-AC2C-40B6-AFB8-2C990DCA78DC}.Debug|x64.Build.0 = Debug|Any CPU
		{858DE710-AC2C-40B6-AFB8-2C990DCA78DC}.Debug|x86.ActiveCfg = Debug|Any CPU
		{858DE710-AC2C-40B6-AFB8-2C990DCA78DC}.Debug|x86.Build.0 = Debug|Any CPU
		{858DE710-AC2C-40B6-AFB8-2C990DCA78DC}.Release|Any CPU.ActiveCfg = Release|Any CPU
		{858DE710-AC2C-40B6-AFB8-2C990DCA78DC}.Release|Any CPU.Build.0 = Release|Any CPU
		{858DE710-AC2C-40B6-AFB8-2C990DCA78DC}.Release|x64.ActiveCfg = Release|Any CPU
		{858DE710-AC2C-40B6-AFB8-2C990DCA78DC}.Release|x64.Build.0 = Release|Any CPU
		{858DE710-AC2C-40B6-AFB8-2C990DCA78DC}.Release|x86.ActiveCfg = Release|Any CPU
		{858DE710-AC2C-40B6-AFB8-2C990DCA78DC}.Release|x86.Build.0 = Release|Any CPU
		{F6A163C4-1457-4F82-93B8-705AAB3971CF}.Debug|Any CPU.ActiveCfg = Debug|Any CPU
		{F6A163C4-1457-4F82-93B8-705AAB3971CF}.Debug|Any CPU.Build.0 = Debug|Any CPU
		{F6A163C4-1457-4F82-93B8-705AAB3971CF}.Debug|x64.ActiveCfg = Debug|Any CPU
		{F6A163C4-1457-4F82-93B8-705AAB3971CF}.Debug|x64.Build.0 = Debug|Any CPU
		{F6A163C4-1457-4F82-93B8-705AAB3971CF}.Debug|x86.ActiveCfg = Debug|Any CPU
		{F6A163C4-1457-4F82-93B8-705AAB3971CF}.Debug|x86.Build.0 = Debug|Any CPU
		{F6A163C4-1457-4F82-93B8-705AAB3971CF}.Release|Any CPU.ActiveCfg = Release|Any CPU
		{F6A163C4-1457-4F82-93B8-705AAB3971CF}.Release|Any CPU.Build.0 = Release|Any CPU
		{F6A163C4-1457-4F82-93B8-705AAB3971CF}.Release|x64.ActiveCfg = Release|Any CPU
		{F6A163C4-1457-4F82-93B8-705AAB3971CF}.Release|x64.Build.0 = Release|Any CPU
		{F6A163C4-1457-4F82-93B8-705AAB3971CF}.Release|x86.ActiveCfg = Release|Any CPU
		{F6A163C4-1457-4F82-93B8-705AAB3971CF}.Release|x86.Build.0 = Release|Any CPU
	EndGlobalSection
	GlobalSection(SolutionProperties) = preSolution
		HideSolutionNode = FALSE
	EndGlobalSection
	GlobalSection(NestedProjects) = preSolution
		{4BAB84A1-50C0-4D37-8A11-679A53C13D93} = {F95F473B-E98A-ACD6-1986-755F447BE36F}
		{858DE710-AC2C-40B6-AFB8-2C990DCA78DC} = {FBF56CC3-7AE6-AD2D-3F14-7F97FD322CD6}
		{F6A163C4-1457-4F82-93B8-705AAB3971CF} = {0AB3BF05-4346-4AA6-1389-037BE0695223}
	EndGlobalSection
EndGlobal
